
Microsoft Visual Studio Solution File, Format Version 12.00
# Visual Studio Version 16
VisualStudioVersion = 16.0.29306.81
MinimumVisualStudioVersion = 10.0.40219.1
Project("{9A19103F-16F7-4668-BE54-9A1E7A4F7556}") = "Expenses.API", "Expenses.API\Expenses.API.csproj", "{98FB756F-8CA1-4785-8988-AB31285594D4}"
EndProject
Project("{9A19103F-16F7-4668-BE54-9A1E7A4F7556}") = "Expenses.UnitTests", "Expenses.UnitTests\Expenses.UnitTests.csproj", "{88B7EFAC-542E-4998-8E92-92158C4618C8}"
EndProject
Project("{9A19103F-16F7-4668-BE54-9A1E7A4F7556}") = "Expenses.IntegrationTests", "Expenses.IntegrationTests\Expenses.IntegrationTests.csproj", "{C29BC8F2-60A3-4E2E-8473-76BE4113084B}"
EndProject
Project("{9A19103F-16F7-4668-BE54-9A1E7A4F7556}") = "Expenses.Domain", "Expenses.Domain\Expenses.Domain.csproj", "{D1F9C05A-F5B8-40D2-AA26-FA0194A7765E}"
EndProject
Project("{9A19103F-16F7-4668-BE54-9A1E7A4F7556}") = "Expenses.Domain.Core", "Expenses.Domain.Core\Expenses.Domain.Core.csproj", "{75DA5086-C14C-42B3-9EA8-78CF4F5C2D3C}"
EndProject
Project("{9A19103F-16F7-4668-BE54-9A1E7A4F7556}") = "Expenses.Infrastructure.EventBus", "Expenses.Infrastructure.EventBus\Expenses.Infrastructure.EventBus.csproj", "{DFA2244C-F5F8-476A-8852-A40D1D872241}"
EndProject
Project("{9A19103F-16F7-4668-BE54-9A1E7A4F7556}") = "Expenses.Application", "Expenses.Application\Expenses.Application.csproj", "{37AE7C9B-58A0-4393-8464-8AAAF2B48075}"
EndProject
Project("{9A19103F-16F7-4668-BE54-9A1E7A4F7556}") = "Expenses.Infrastructure.SqlServer", "Expenses.Infrastructure.SqlServer\Expenses.Infrastructure.SqlServer.csproj", "{E840C193-C908-4FF4-BE3C-20CE171DE31A}"
EndProject
Project("{2150E333-8FDC-42A3-9474-1A3956D46DE8}") = "Solution Items", "Solution Items", "{7D57B417-CE7D-461A-A9E7-7558E7F33382}"
	ProjectSection(SolutionItems) = preProject
		..\.travis.yml = ..\.travis.yml
		..\deploy.sh = ..\deploy.sh
		..\docker-compose.yml = ..\docker-compose.yml
		..\README.md = ..\README.md
	EndProjectSection
EndProject
Project("{9A19103F-16F7-4668-BE54-9A1E7A4F7556}") = "Expenses.Worker.StatementCreator", "Expenses.Worker.StatementCreator\Expenses.Worker.StatementCreator.csproj", "{AA678FCF-78F6-4CE2-9A43-E24B2DDEFEDB}"
EndProject
Global
	GlobalSection(SolutionConfigurationPlatforms) = preSolution
		Debug|Any CPU = Debug|Any CPU
		Release|Any CPU = Release|Any CPU
	EndGlobalSection
	GlobalSection(ProjectConfigurationPlatforms) = postSolution
		{98FB756F-8CA1-4785-8988-AB31285594D4}.Debug|Any CPU.ActiveCfg = Debug|Any CPU
		{98FB756F-8CA1-4785-8988-AB31285594D4}.Debug|Any CPU.Build.0 = Debug|Any CPU
		{98FB756F-8CA1-4785-8988-AB31285594D4}.Release|Any CPU.ActiveCfg = Release|Any CPU
		{98FB756F-8CA1-4785-8988-AB31285594D4}.Release|Any CPU.Build.0 = Release|Any CPU
		{88B7EFAC-542E-4998-8E92-92158C4618C8}.Debug|Any CPU.ActiveCfg = Debug|Any CPU
		{88B7EFAC-542E-4998-8E92-92158C4618C8}.Debug|Any CPU.Build.0 = Debug|Any CPU
		{88B7EFAC-542E-4998-8E92-92158C4618C8}.Release|Any CPU.ActiveCfg = Release|Any CPU
		{88B7EFAC-542E-4998-8E92-92158C4618C8}.Release|Any CPU.Build.0 = Release|Any CPU
		{C29BC8F2-60A3-4E2E-8473-76BE4113084B}.Debug|Any CPU.ActiveCfg = Debug|Any CPU
		{C29BC8F2-60A3-4E2E-8473-76BE4113084B}.Debug|Any CPU.Build.0 = Debug|Any CPU
		{C29BC8F2-60A3-4E2E-8473-76BE4113084B}.Release|Any CPU.ActiveCfg = Release|Any CPU
		{C29BC8F2-60A3-4E2E-8473-76BE4113084B}.Release|Any CPU.Build.0 = Release|Any CPU
		{D1F9C05A-F5B8-40D2-AA26-FA0194A7765E}.Debug|Any CPU.ActiveCfg = Debug|Any CPU
		{D1F9C05A-F5B8-40D2-AA26-FA0194A7765E}.Debug|Any CPU.Build.0 = Debug|Any CPU
		{D1F9C05A-F5B8-40D2-AA26-FA0194A7765E}.Release|Any CPU.ActiveCfg = Release|Any CPU
		{D1F9C05A-F5B8-40D2-AA26-FA0194A7765E}.Release|Any CPU.Build.0 = Release|Any CPU
		{75DA5086-C14C-42B3-9EA8-78CF4F5C2D3C}.Debug|Any CPU.ActiveCfg = Debug|Any CPU
		{75DA5086-C14C-42B3-9EA8-78CF4F5C2D3C}.Debug|Any CPU.Build.0 = Debug|Any CPU
		{75DA5086-C14C-42B3-9EA8-78CF4F5C2D3C}.Release|Any CPU.ActiveCfg = Release|Any CPU
		{75DA5086-C14C-42B3-9EA8-78CF4F5C2D3C}.Release|Any CPU.Build.0 = Release|Any CPU
		{DFA2244C-F5F8-476A-8852-A40D1D872241}.Debug|Any CPU.ActiveCfg = Debug|Any CPU
		{DFA2244C-F5F8-476A-8852-A40D1D872241}.Debug|Any CPU.Build.0 = Debug|Any CPU
		{DFA2244C-F5F8-476A-8852-A40D1D872241}.Release|Any CPU.ActiveCfg = Release|Any CPU
		{DFA2244C-F5F8-476A-8852-A40D1D872241}.Release|Any CPU.Build.0 = Release|Any CPU
		{37AE7C9B-58A0-4393-8464-8AAAF2B48075}.Debug|Any CPU.ActiveCfg = Debug|Any CPU
		{37AE7C9B-58A0-4393-8464-8AAAF2B48075}.Debug|Any CPU.Build.0 = Debug|Any CPU
		{37AE7C9B-58A0-4393-8464-8AAAF2B48075}.Release|Any CPU.ActiveCfg = Release|Any CPU
		{37AE7C9B-58A0-4393-8464-8AAAF2B48075}.Release|Any CPU.Build.0 = Release|Any CPU
		{E840C193-C908-4FF4-BE3C-20CE171DE31A}.Debug|Any CPU.ActiveCfg = Debug|Any CPU
		{E840C193-C908-4FF4-BE3C-20CE171DE31A}.Debug|Any CPU.Build.0 = Debug|Any CPU
		{E840C193-C908-4FF4-BE3C-20CE171DE31A}.Release|Any CPU.ActiveCfg = Release|Any CPU
		{E840C193-C908-4FF4-BE3C-20CE171DE31A}.Release|Any CPU.Build.0 = Release|Any CPU
		{AA678FCF-78F6-4CE2-9A43-E24B2DDEFEDB}.Debug|Any CPU.ActiveCfg = Debug|Any CPU
		{AA678FCF-78F6-4CE2-9A43-E24B2DDEFEDB}.Debug|Any CPU.Build.0 = Debug|Any CPU
		{AA678FCF-78F6-4CE2-9A43-E24B2DDEFEDB}.Release|Any CPU.ActiveCfg = Release|Any CPU
		{AA678FCF-78F6-4CE2-9A43-E24B2DDEFEDB}.Release|Any CPU.Build.0 = Release|Any CPU
	EndGlobalSection
	GlobalSection(SolutionProperties) = preSolution
		HideSolutionNode = FALSE
	EndGlobalSection
	GlobalSection(ExtensibilityGlobals) = postSolution
		SolutionGuid = {ABA490B2-3BBF-48C5-B25C-202A141D2DD1}
	EndGlobalSection
EndGlobal
